
Microsoft Visual Studio Solution File, Format Version 12.00
# Visual Studio 2013
VisualStudioVersion = 12.0.31101.0
MinimumVisualStudioVersion = 10.0.40219.1
Project("{FAE04EC0-301F-11D3-BF4B-00C04F79EFBC}") = "AngularJSApp3", "AngularJSApp3\AngularJSApp3.csproj", "{76675311-B5AB-443D-84B2-C7404D2DF2EE}"
EndProject
Project("{2150E333-8FDC-42A3-9474-1A3956D46DE8}") = ".nuget", ".nuget", "{C85CA911-04E7-44BE-B1E6-F621441907DA}"
	ProjectSection(SolutionItems) = preProject
		.nuget\packages.config = .nuget\packages.config
	EndProjectSection
EndProject
Project("{FAE04EC0-301F-11D3-BF4B-00C04F79EFBC}") = "AngularJSApp3Tests", "AngularJSApp3Tests\AngularJSApp3Tests.csproj", "{4072BE92-9890-42E7-AA94-6A94897A1F28}"
EndProject
Global
	GlobalSection(SolutionConfigurationPlatforms) = preSolution
		Debug|Any CPU = Debug|Any CPU
		Release|Any CPU = Release|Any CPU
	EndGlobalSection
	GlobalSection(ProjectConfigurationPlatforms) = postSolution
		{76675311-B5AB-443D-84B2-C7404D2DF2EE}.Debug|Any CPU.ActiveCfg = Debug|Any CPU
		{76675311-B5AB-443D-84B2-C7404D2DF2EE}.Debug|Any CPU.Build.0 = Debug|Any CPU
		{76675311-B5AB-443D-84B2-C7404D2DF2EE}.Release|Any CPU.ActiveCfg = Release|Any CPU
		{76675311-B5AB-443D-84B2-C7404D2DF2EE}.Release|Any CPU.Build.0 = Release|Any CPU
		{4072BE92-9890-42E7-AA94-6A94897A1F28}.Debug|Any CPU.ActiveCfg = Debug|Any CPU
		{4072BE92-9890-42E7-AA94-6A94897A1F28}.Debug|Any CPU.Build.0 = Debug|Any CPU
		{4072BE92-9890-42E7-AA94-6A94897A1F28}.Release|Any CPU.ActiveCfg = Release|Any CPU
		{4072BE92-9890-42E7-AA94-6A94897A1F28}.Release|Any CPU.Build.0 = Release|Any CPU
	EndGlobalSection
	GlobalSection(SolutionProperties) = preSolution
		HideSolutionNode = FALSE
	EndGlobalSection
EndGlobal
